
Microsoft Visual Studio Solution File, Format Version 12.00
# Visual Studio Version 16
VisualStudioVersion = 16.0.29424.173
MinimumVisualStudioVersion = 10.0.40219.1
Project("{9A19103F-16F7-4668-BE54-9A1E7A4F7556}") = "Ignite2019.IoT.Orleans", "Ignite2019.IoT.Orleans\Ignite2019.IoT.Orleans.csproj", "{52DFA691-1150-4355-95EB-DBD893268F3F}"
EndProject
Project("{9A19103F-16F7-4668-BE54-9A1E7A4F7556}") = "Ignite2019.IoT.Orleans.Model", "Ignite2019.IoT.Orleans.Model\Ignite2019.IoT.Orleans.Model.csproj", "{DA0F477E-FA8C-4516-B3B9-8BA4EDCD37FC}"
EndProject
Project("{9A19103F-16F7-4668-BE54-9A1E7A4F7556}") = "Ignite2019.IoT.Orleans.DataAccess", "Ignite2019.IoT.Orleans.DataAccess\Ignite2019.IoT.Orleans.DataAccess.csproj", "{B70B0F9C-B00C-45D5-9D62-83ADFC8CB71C}"
EndProject
Project("{9A19103F-16F7-4668-BE54-9A1E7A4F7556}") = "Ignite2019.IoT.Orleans.ViewModel", "Ignite2019.IoT.Orleans.ViewModel\Ignite2019.IoT.Orleans.ViewModel.csproj", "{3732BBFF-1520-490C-9C7F-0FA140187957}"
EndProject
Project("{9A19103F-16F7-4668-BE54-9A1E7A4F7556}") = "Ignite2019.IoT.Orleans.Test", "Ignite2019.IoT.Orleans.Test\Ignite2019.IoT.Orleans.Test.csproj", "{002693B9-F8FC-4F3C-99B1-B5CF60EEE0E8}"
EndProject
Project("{9A19103F-16F7-4668-BE54-9A1E7A4F7556}") = "Ignite2019.IoT.Orleans.Grains", "Ignite2019.IoT.Orleans.Grains\Ignite2019.IoT.Orleans.Grains.csproj", "{DC6DE14B-253D-4C77-80EE-DFA47D88ACF5}"
EndProject
Project("{9A19103F-16F7-4668-BE54-9A1E7A4F7556}") = "Ignite2019.IoT.Orleans.SiloHost", "Ignite2019.IoT.Orleans.SiloHost\Ignite2019.IoT.Orleans.SiloHost.csproj", "{DC1A651C-E855-4DED-895F-DD51FC182B79}"
EndProject
Global
	GlobalSection(SolutionConfigurationPlatforms) = preSolution
		Debug|Any CPU = Debug|Any CPU
		Release|Any CPU = Release|Any CPU
	EndGlobalSection
	GlobalSection(ProjectConfigurationPlatforms) = postSolution
		{52DFA691-1150-4355-95EB-DBD893268F3F}.Debug|Any CPU.ActiveCfg = Debug|Any CPU
		{52DFA691-1150-4355-95EB-DBD893268F3F}.Debug|Any CPU.Build.0 = Debug|Any CPU
		{52DFA691-1150-4355-95EB-DBD893268F3F}.Release|Any CPU.ActiveCfg = Release|Any CPU
		{52DFA691-1150-4355-95EB-DBD893268F3F}.Release|Any CPU.Build.0 = Release|Any CPU
		{DA0F477E-FA8C-4516-B3B9-8BA4EDCD37FC}.Debug|Any CPU.ActiveCfg = Debug|Any CPU
		{DA0F477E-FA8C-4516-B3B9-8BA4EDCD37FC}.Debug|Any CPU.Build.0 = Debug|Any CPU
		{DA0F477E-FA8C-4516-B3B9-8BA4EDCD37FC}.Release|Any CPU.ActiveCfg = Release|Any CPU
		{DA0F477E-FA8C-4516-B3B9-8BA4EDCD37FC}.Release|Any CPU.Build.0 = Release|Any CPU
		{B70B0F9C-B00C-45D5-9D62-83ADFC8CB71C}.Debug|Any CPU.ActiveCfg = Debug|Any CPU
		{B70B0F9C-B00C-45D5-9D62-83ADFC8CB71C}.Debug|Any CPU.Build.0 = Debug|Any CPU
		{B70B0F9C-B00C-45D5-9D62-83ADFC8CB71C}.Release|Any CPU.ActiveCfg = Release|Any CPU
		{B70B0F9C-B00C-45D5-9D62-83ADFC8CB71C}.Release|Any CPU.Build.0 = Release|Any CPU
		{3732BBFF-1520-490C-9C7F-0FA140187957}.Debug|Any CPU.ActiveCfg = Debug|Any CPU
		{3732BBFF-1520-490C-9C7F-0FA140187957}.Debug|Any CPU.Build.0 = Debug|Any CPU
		{3732BBFF-1520-490C-9C7F-0FA140187957}.Release|Any CPU.ActiveCfg = Release|Any CPU
		{3732BBFF-1520-490C-9C7F-0FA140187957}.Release|Any CPU.Build.0 = Release|Any CPU
		{002693B9-F8FC-4F3C-99B1-B5CF60EEE0E8}.Debug|Any CPU.ActiveCfg = Debug|Any CPU
		{002693B9-F8FC-4F3C-99B1-B5CF60EEE0E8}.Debug|Any CPU.Build.0 = Debug|Any CPU
		{002693B9-F8FC-4F3C-99B1-B5CF60EEE0E8}.Release|Any CPU.ActiveCfg = Release|Any CPU
		{002693B9-F8FC-4F3C-99B1-B5CF60EEE0E8}.Release|Any CPU.Build.0 = Release|Any CPU
		{DC6DE14B-253D-4C77-80EE-DFA47D88ACF5}.Debug|Any CPU.ActiveCfg = Debug|Any CPU
		{DC6DE14B-253D-4C77-80EE-DFA47D88ACF5}.Debug|Any CPU.Build.0 = Debug|Any CPU
		{DC6DE14B-253D-4C77-80EE-DFA47D88ACF5}.Release|Any CPU.ActiveCfg = Release|Any CPU
		{DC6DE14B-253D-4C77-80EE-DFA47D88ACF5}.Release|Any CPU.Build.0 = Release|Any CPU
		{DC1A651C-E855-4DED-895F-DD51FC182B79}.Debug|Any CPU.ActiveCfg = Debug|Any CPU
		{DC1A651C-E855-4DED-895F-DD51FC182B79}.Debug|Any CPU.Build.0 = Debug|Any CPU
		{DC1A651C-E855-4DED-895F-DD51FC182B79}.Release|Any CPU.ActiveCfg = Release|Any CPU
		{DC1A651C-E855-4DED-895F-DD51FC182B79}.Release|Any CPU.Build.0 = Release|Any CPU
	EndGlobalSection
	GlobalSection(SolutionProperties) = preSolution
		HideSolutionNode = FALSE
	EndGlobalSection
	GlobalSection(ExtensibilityGlobals) = postSolution
		SolutionGuid = {1F219808-E6E8-4C1D-B846-41F2F7CF20FA}
	EndGlobalSection
EndGlobal
